// !$*UTF8*$!
{
	archiveVersion = 1;
	classes = {
	};
	objectVersion = 46;
	objects = {

/* Begin PBXBuildFile section */
		01F145811B740BFE00125814 /* AppDelegate.swift in Sources */ = {isa = PBXBuildFile; fileRef = 01F145801B740BFE00125814 /* AppDelegate.swift */; };
		01F145831B740BFE00125814 /* ViewController.swift in Sources */ = {isa = PBXBuildFile; fileRef = 01F145821B740BFE00125814 /* ViewController.swift */; };
		01F145861B740BFE00125814 /* Main.storyboard in Resources */ = {isa = PBXBuildFile; fileRef = 01F145841B740BFE00125814 /* Main.storyboard */; };
		01F145881B740BFE00125814 /* Assets.xcassets in Resources */ = {isa = PBXBuildFile; fileRef = 01F145871B740BFE00125814 /* Assets.xcassets */; };
		01F1458B1B740BFE00125814 /* LaunchScreen.storyboard in Resources */ = {isa = PBXBuildFile; fileRef = 01F145891B740BFE00125814 /* LaunchScreen.storyboard */; };
		01F145931B74193100125814 /* BlueToothTableViewCell.swift in Sources */ = {isa = PBXBuildFile; fileRef = 01F145921B74193100125814 /* BlueToothTableViewCell.swift */; };
/* End PBXBuildFile section */

/* Begin PBXFileReference section */
		01F1457D1B740BFE00125814 /* BlueSniff.app */ = {isa = PBXFileReference; explicitFileType = wrapper.application; includeInIndex = 0; path = BlueSniff.app; sourceTree = BUILT_PRODUCTS_DIR; };
		01F145801B740BFE00125814 /* AppDelegate.swift */ = {isa = PBXFileReference; lastKnownFileType = sourcecode.swift; path = AppDelegate.swift; sourceTree = "<group>"; };
		01F145821B740BFE00125814 /* ViewController.swift */ = {isa = PBXFileReference; lastKnownFileType = sourcecode.swift; path = ViewController.swift; sourceTree = "<group>"; };
		01F145851B740BFE00125814 /* Base */ = {isa = PBXFileReference; lastKnownFileType = file.storyboard; name = Base; path = Base.lproj/Main.storyboard; sourceTree = "<group>"; };
		01F145871B740BFE00125814 /* Assets.xcassets */ = {isa = PBXFileReference; lastKnownFileType = folder.assetcatalog; path = Assets.xcassets; sourceTree = "<group>"; };
		01F1458A1B740BFE00125814 /* Base */ = {isa = PBXFileReference; lastKnownFileType = file.storyboard; name = Base; path = Base.lproj/LaunchScreen.storyboard; sourceTree = "<group>"; };
		01F1458C1B740BFE00125814 /* Info.plist */ = {isa = PBXFileReference; lastKnownFileType = text.plist.xml; path = Info.plist; sourceTree = "<group>"; };
		01F145921B74193100125814 /* BlueToothTableViewCell.swift */ = {isa = PBXFileReference; fileEncoding = 4; lastKnownFileType = sourcecode.swift; path = BlueToothTableViewCell.swift; sourceTree = "<group>"; };
/* End PBXFileReference section */

/* Begin PBXFrameworksBuildPhase section */
		01F1457A1B740BFD00125814 /* Frameworks */ = {
			isa = PBXFrameworksBuildPhase;
			buildActionMask = 2147483647;
			files = (
			);
			runOnlyForDeploymentPostprocessing = 0;
		};
/* End PBXFrameworksBuildPhase section */

/* Begin PBXGroup section */
		01F145741B740BFD00125814 = {
			isa = PBXGroup;
			children = (
				01F1457F1B740BFE00125814 /* BlueSniff */,
				01F1457E1B740BFE00125814 /* Products */,
			);
			sourceTree = "<group>";
		};
		01F1457E1B740BFE00125814 /* Products */ = {
			isa = PBXGroup;
			children = (
				01F1457D1B740BFE00125814 /* BlueSniff.app */,
			);
			name = Products;
			sourceTree = "<group>";
		};
		01F1457F1B740BFE00125814 /* BlueSniff */ = {
			isa = PBXGroup;
			children = (
				01F145801B740BFE00125814 /* AppDelegate.swift */,
				01F145821B740BFE00125814 /* ViewController.swift */,
				01F145921B74193100125814 /* BlueToothTableViewCell.swift */,
				01F145841B740BFE00125814 /* Main.storyboard */,
				01F145871B740BFE00125814 /* Assets.xcassets */,
				01F145891B740BFE00125814 /* LaunchScreen.storyboard */,
				01F1458C1B740BFE00125814 /* Info.plist */,
			);
			path = BlueSniff;
			sourceTree = "<group>";
		};
/* End PBXGroup section */

/* Begin PBXNativeTarget section */
		01F1457C1B740BFD00125814 /* BlueSniff */ = {
			isa = PBXNativeTarget;
			buildConfigurationList = 01F1458F1B740BFE00125814 /* Build configuration list for PBXNativeTarget "BlueSniff" */;
			buildPhases = (
				01F145791B740BFD00125814 /* Sources */,
				01F1457A1B740BFD00125814 /* Frameworks */,
				01F1457B1B740BFD00125814 /* Resources */,
			);
			buildRules = (
			);
			dependencies = (
			);
			name = BlueSniff;
			productName = BlueSniff;
			productReference = 01F1457D1B740BFE00125814 /* BlueSniff.app */;
			productType = "com.apple.product-type.application";
		};
/* End PBXNativeTarget section */

/* Begin PBXProject section */
		01F145751B740BFD00125814 /* Project object */ = {
			isa = PBXProject;
			attributes = {
				LastSwiftUpdateCheck = 0710;
				LastUpgradeCheck = 0700;
				ORGANIZATIONNAME = "Nick Walter";
				TargetAttributes = {
					01F1457C1B740BFD00125814 = {
						CreatedOnToolsVersion = 7.0;
					};
				};
			};
			buildConfigurationList = 01F145781B740BFD00125814 /* Build configuration list for PBXProject "BlueSniff" */;
			compatibilityVersion = "Xcode 3.2";
			developmentRegion = English;
			hasScannedForEncodings = 0;
			knownRegions = (
				en,
				Base,
			);
			mainGroup = 01F145741B740BFD00125814;
			productRefGroup = 01F1457E1B740BFE00125814 /* Products */;
			projectDirPath = "";
			projectRoot = "";
			targets = (
				01F1457C1B740BFD00125814 /* BlueSniff */,
			);
		};
/* End PBXProject section */

/* Begin PBXResourcesBuildPhase section */
		01F1457B1B740BFD00125814 /* Resources */ = {
			isa = PBXResourcesBuildPhase;
			buildActionMask = 2147483647;
			files = (
				01F1458B1B740BFE00125814 /* LaunchScreen.storyboard in Resources */,
				01F145881B740BFE00125814 /* Assets.xcassets in Resources */,
				01F145861B740BFE00125814 /* Main.storyboard in Resources */,
			);
			runOnlyForDeploymentPostprocessing = 0;
		};
/* End PBXResourcesBuildPhase section */

/* Begin PBXSourcesBuildPhase section */
		01F145791B740BFD00125814 /* Sources */ = {
			isa = PBXSourcesBuildPhase;
			buildActionMask = 2147483647;
			files = (
				01F145931B74193100125814 /* BlueToothTableViewCell.swift in Sources */,
				01F145831B740BFE00125814 /* ViewController.swift in Sources */,
				01F145811B740BFE00125814 /* AppDelegate.swift in Sources */,
			);
			runOnlyForDeploymentPostprocessing = 0;
		};
/* End PBXSourcesBuildPhase section */

/* Begin PBXVariantGroup section */
		01F145841B740BFE00125814 /* Main.storyboard */ = {
			isa = PBXVariantGroup;
			children = (
				01F145851B740BFE00125814 /* Base */,
			);
			name = Main.storyboard;
			sourceTree = "<group>";
		};
		01F145891B740BFE00125814 /* LaunchScreen.storyboard */ = {
			isa = PBXVariantGroup;
			children = (
				01F1458A1B740BFE00125814 /* Base */,
			);
			name = LaunchScreen.storyboard;
			sourceTree = "<group>";
		};
/* End PBXVariantGroup section */

/* Begin XCBuildConfiguration section */
		01F1458D1B740BFE00125814 /* Debug */ = {
			isa = XCBuildConfiguration;
			buildSettings = {
				ALWAYS_SEARCH_USER_PATHS = NO;
				CLANG_CXX_LANGUAGE_STANDARD = "gnu++0x";
				CLANG_CXX_LIBRARY = "libc++";
				CLANG_ENABLE_MODULES = YES;
				CLANG_ENABLE_OBJC_ARC = YES;
				CLANG_WARN_BOOL_CONVERSION = YES;
				CLANG_WARN_CONSTANT_CONVERSION = YES;
				CLANG_WARN_DIRECT_OBJC_ISA_USAGE = YES_ERROR;
				CLANG_WARN_EMPTY_BODY = YES;
				CLANG_WARN_ENUM_CONVERSION = YES;
				CLANG_WARN_INT_CONVERSION = YES;
				CLANG_WARN_OBJC_ROOT_CLASS = YES_ERROR;
				CLANG_WARN_UNREACHABLE_CODE = YES;
				CLANG_WARN__DUPLICATE_METHOD_MATCH = YES;
				"CODE_SIGN_IDENTITY[sdk=iphoneos*]" = "iPhone Developer";
				COPY_PHASE_STRIP = NO;
				DEBUG_INFORMATION_FORMAT = dwarf;
				ENABLE_STRICT_OBJC_MSGSEND = YES;
				ENABLE_TESTABILITY = YES;
				GCC_C_LANGUAGE_STANDARD = gnu99;
				GCC_DYNAMIC_NO_PIC = NO;
				GCC_NO_COMMON_BLOCKS = YES;
				GCC_OPTIMIZATION_LEVEL = 0;
				GCC_PREPROCESSOR_DEFINITIONS = (
					"DEBUG=1",
					"$(inherited)",
				);
				GCC_WARN_64_TO_32_BIT_CONVERSION = YES;
				GCC_WARN_ABOUT_RETURN_TYPE = YES_ERROR;
				GCC_WARN_UNDECLARED_SELECTOR = YES;
				GCC_WARN_UNINITIALIZED_AUTOS = YES_AGGRESSIVE;
				GCC_WARN_UNUSED_FUNCTION = YES;
				GCC_WARN_UNUSED_VARIABLE = YES;
				IPHONEOS_DEPLOYMENT_TARGET = 9.0;
				MTL_ENABLE_DEBUG_INFO = YES;
				ONLY_ACTIVE_ARCH = YES;
				SDKROOT = iphoneos;
				SWIFT_OPTIMIZATION_LEVEL = "-Onone";
			};
			name = Debug;
		};
		01F1458E1B740BFE00125814 /* Release */ = {
			isa = XCBuildConfiguration;
			buildSettings = {
				ALWAYS_SEARCH_USER_PATHS = NO;
				CLANG_CXX_LANGUAGE_STANDARD = "gnu++0x";
				CLANG_CXX_LIBRARY = "libc++";
				CLANG_ENABLE_MODULES = YES;
				CLANG_ENABLE_OBJC_ARC = YES;
				CLANG_WARN_BOOL_CONVERSION = YES;
				CLANG_WARN_CONSTANT_CONVERSION = YES;
				CLANG_WARN_DIRECT_OBJC_ISA_USAGE = YES_ERROR;
				CLANG_WARN_EMPTY_BODY = YES;
				CLANG_WARN_ENUM_CONVERSION = YES;
				CLANG_WARN_INT_CONVERSION = YES;
				CLANG_WARN_OBJC_ROOT_CLASS = YES_ERROR;
				CLANG_WARN_UNREACHABLE_CODE = YES;
				CLANG_WARN__DUPLICATE_METHOD_MATCH = YES;
				"CODE_SIGN_IDENTITY[sdk=iphoneos*]" = "iPhone Developer";
				COPY_PHASE_STRIP = NO;
				DEBUG_INFORMATION_FORMAT = "dwarf-with-dsym";
				ENABLE_NS_ASSERTIONS = NO;
				ENABLE_STRICT_OBJC_MSGSEND = YES;
				GCC_C_LANGUAGE_STANDARD = gnu99;
				GCC_NO_COMMON_BLOCKS = YES;
				GCC_WARN_64_TO_32_BIT_CONVERSION = YES;
				GCC_WARN_ABOUT_RETURN_TYPE = YES_ERROR;
				GCC_WARN_UNDECLARED_SELECTOR = YES;
				GCC_WARN_UNINITIALIZED_AUTOS = YES_AGGRESSIVE;
				GCC_WARN_UNUSED_FUNCTION = YES;
				GCC_WARN_UNUSED_VARIABLE = YES;
				IPHONEOS_DEPLOYMENT_TARGET = 9.0;
				MTL_ENABLE_DEBUG_INFO = NO;
				SDKROOT = iphoneos;
				VALIDATE_PRODUCT = YES;
			};
			name = Release;
		};
		01F145901B740BFE00125814 /* Debug */ = {
			isa = XCBuildConfiguration;
			buildSettings = {
				ASSETCATALOG_COMPILER_APPICON_NAME = AppIcon;
				INFOPLIST_FILE = BlueSniff/Info.plist;
				IPHONEOS_DEPLOYMENT_TARGET = 8.0;
				LD_RUNPATH_SEARCH_PATHS = "$(inherited) @executable_path/Frameworks";
				PRODUCT_BUNDLE_IDENTIFIER = com.madeupbypeople.BlueSniff;
				PRODUCT_NAME = "$(TARGET_NAME)";
			};
			name = Debug;
		};
		01F145911B740BFE00125814 /* Release */ = {
			isa = XCBuildConfiguration;
			buildSettings = {
				ASSETCATALOG_COMPILER_APPICON_NAME = AppIcon;
				INFOPLIST_FILE = BlueSniff/Info.plist;
				IPHONEOS_DEPLOYMENT_TARGET = 8.0;
				LD_RUNPATH_SEARCH_PATHS = "$(inherited) @executable_path/Frameworks";
				PRODUCT_BUNDLE_IDENTIFIER = com.madeupbypeople.BlueSniff;
				PRODUCT_NAME = "$(TARGET_NAME)";
			};
			name = Release;
		};
/* End XCBuildConfiguration section */

/* Begin XCConfigurationList section */
		01F145781B740BFD00125814 /* Build configuration list for PBXProject "BlueSniff" */ = {
			isa = XCConfigurationList;
			buildConfigurations = (
				01F1458D1B740BFE00125814 /* Debug */,
				01F1458E1B740BFE00125814 /* Release */,
			);
			defaultConfigurationIsVisible = 0;
			defaultConfigurationName = Release;
		};
		01F1458F1B740BFE00125814 /* Build configuration list for PBXNativeTarget "BlueSniff" */ = {
			isa = XCConfigurationList;
			buildConfigurations = (
				01F145901B740BFE00125814 /* Debug */,
				01F145911B740BFE00125814 /* Release */,
			);
			defaultConfigurationIsVisible = 0;
			defaultConfigurationName = Release;
		};
/* End XCConfigurationList section */
	};
	rootObject = 01F145751B740BFD00125814 /* Project object */;
}
